{
  "name": "node",
  "version": "1.0.0",
  "lockfileVersion": 2,
  "requires": true,
  "packages": {
    "": {
      "name": "node",
      "version": "1.0.0",
      "license": "ISC",
      "dependencies": {
        "csv2geojson": "^3.8.0"
      }
    },
    "node_modules/base64-js": {
      "version": "0.0.2",
      "resolved": "https://registry.npmjs.org/base64-js/-/base64-js-0.0.2.tgz",
      "integrity": "sha1-Ak8Pcq+iW3X5wO5zzU9V7Bvtl4Q=",
      "engines": {
        "node": ">= 0.4"
      }
    },
    "node_modules/bops": {
      "version": "0.0.6",
      "resolved": "https://registry.npmjs.org/bops/-/bops-0.0.6.tgz",
      "integrity": "sha1-CC0dVfoB5g29wuvC26N/ZZVUzzo=",
      "dependencies": {
        "base64-js": "0.0.2",
        "to-utf8": "0.0.1"
      }
    },
    "node_modules/concat-stream": {
      "version": "1.0.1",
      "resolved": "https://registry.npmjs.org/concat-stream/-/concat-stream-1.0.1.tgz",
      "integrity": "sha1-AYsYvBx9BzotyCqkhEI0GixN158=",
      "engines": [
        "node >= 0.8.0"
      ],
      "dependencies": {
        "bops": "0.0.6"
      }
    },
    "node_modules/csv2geojson": {
      "version": "3.8.0",
      "resolved": "https://registry.npmjs.org/csv2geojson/-/csv2geojson-3.8.0.tgz",
      "integrity": "sha1-WlnB7YyIo96g3kMfrFXb94H0iJI=",
      "dependencies": {
        "concat-stream": "~1.0.1",
        "dsv": "0.0.3",
        "optimist": "~0.6.1",
        "sexagesimal": "0.4.0"
      },
      "bin": {
        "csv2geojson": "csv2geojson"
      }
    },
    "node_modules/dsv": {
      "version": "0.0.3",
      "resolved": "https://registry.npmjs.org/dsv/-/dsv-0.0.3.tgz",
      "integrity": "sha1-Icgotq1UiU6GPy9iYPND3Tnxmls=",
      "deprecated": "Replaced by d3-dsv.",
      "bin": {
        "csv2tsv": "bin/csv2tsv"
      }
    },
    "node_modules/minimist": {
      "version": "0.0.10",
      "resolved": "https://registry.npmjs.org/minimist/-/minimist-0.0.10.tgz",
      "integrity": "sha1-3j+YVD2/lggr5IrRoMfNqDYwHc8="
    },
    "node_modules/optimist": {
      "version": "0.6.1",
      "resolved": "https://registry.npmjs.org/optimist/-/optimist-0.6.1.tgz",
      "integrity": "sha1-2j6nRob6IaGaERwybpDrFaAZZoY=",
      "dependencies": {
        "minimist": "~0.0.1",
        "wordwrap": "~0.0.2"
      }
    },
    "node_modules/sexagesimal": {
      "version": "0.4.0",
      "resolved": "https://registry.npmjs.org/sexagesimal/-/sexagesimal-0.4.0.tgz",
      "integrity": "sha1-C8N7ndTeo/deUWLn/ojQnh/c1/M=",
      "deprecated": "This module is now under the @mapbox namespace: install @mapbox/sexagesimal instead",
      "bin": {
        "sexagesimal": "bin/sexagesimal"
      }
    },
    "node_modules/to-utf8": {
      "version": "0.0.1",
      "resolved": "https://registry.npmjs.org/to-utf8/-/to-utf8-0.0.1.tgz",
      "integrity": "sha1-0Xrqcv8vujm55DYBvns/9y4ImFI="
    },
    "node_modules/wordwrap": {
      "version": "0.0.3",
      "resolved": "https://registry.npmjs.org/wordwrap/-/wordwrap-0.0.3.tgz",
      "integrity": "sha1-o9XabNXAvAAI03I0u68b7WMFkQc=",
      "engines": {
        "node": ">=0.4.0"
      }
    }
  },
  "dependencies": {
    "base64-js": {
      "version": "0.0.2",
      "resolved": "https://registry.npmjs.org/base64-js/-/base64-js-0.0.2.tgz",
      "integrity": "sha1-Ak8Pcq+iW3X5wO5zzU9V7Bvtl4Q="
    },
    "bops": {
      "version": "0.0.6",
      "resolved": "https://registry.npmjs.org/bops/-/bops-0.0.6.tgz",
      "integrity": "sha1-CC0dVfoB5g29wuvC26N/ZZVUzzo=",
      "requires": {
        "base64-js": "0.0.2",
        "to-utf8": "0.0.1"
      }
    },
    "concat-stream": {
      "version": "1.0.1",
      "resolved": "https://registry.npmjs.org/concat-stream/-/concat-stream-1.0.1.tgz",
      "integrity": "sha1-AYsYvBx9BzotyCqkhEI0GixN158=",
      "requires": {
        "bops": "0.0.6"
      }
    },
    "csv2geojson": {
      "version": "3.8.0",
      "resolved": "https://registry.npmjs.org/csv2geojson/-/csv2geojson-3.8.0.tgz",
      "integrity": "sha1-WlnB7YyIo96g3kMfrFXb94H0iJI=",
      "requires": {
        "concat-stream": "~1.0.1",
        "dsv": "0.0.3",
        "optimist": "~0.6.1",
        "sexagesimal": "0.4.0"
      }
    },
    "dsv": {
      "version": "0.0.3",
      "resolved": "https://registry.npmjs.org/dsv/-/dsv-0.0.3.tgz",
      "integrity": "sha1-Icgotq1UiU6GPy9iYPND3Tnxmls="
    },
    "minimist": {
      "version": "0.0.10",
      "resolved": "https://registry.npmjs.org/minimist/-/minimist-0.0.10.tgz",
      "integrity": "sha1-3j+YVD2/lggr5IrRoMfNqDYwHc8="
    },
    "optimist": {
      "version": "0.6.1",
      "resolved": "https://registry.npmjs.org/optimist/-/optimist-0.6.1.tgz",
      "integrity": "sha1-2j6nRob6IaGaERwybpDrFaAZZoY=",
      "requires": {
        "minimist": "~0.0.1",
        "wordwrap": "~0.0.2"
      }
    },
    "sexagesimal": {
      "version": "0.4.0",
      "resolved": "https://registry.npmjs.org/sexagesimal/-/sexagesimal-0.4.0.tgz",
      "integrity": "sha1-C8N7ndTeo/deUWLn/ojQnh/c1/M="
    },
    "to-utf8": {
      "version": "0.0.1",
      "resolved": "https://registry.npmjs.org/to-utf8/-/to-utf8-0.0.1.tgz",
      "integrity": "sha1-0Xrqcv8vujm55DYBvns/9y4ImFI="
    },
    "wordwrap": {
      "version": "0.0.3",
      "resolved": "https://registry.npmjs.org/wordwrap/-/wordwrap-0.0.3.tgz",
      "integrity": "sha1-o9XabNXAvAAI03I0u68b7WMFkQc="
    }
  }
}
